
Microsoft Visual Studio Solution File, Format Version 12.00
# Visual Studio Version 17
VisualStudioVersion = 17.13.35931.197
MinimumVisualStudioVersion = 10.0.40219.1
Project("{FAE04EC0-301F-11D3-BF4B-00C04F79EFBC}") = "BulkyWebRazor_Temp", "BulkyWebRazor_Temp\BulkyWebRazor_Temp.csproj", "{4DF2A072-9E53-458E-BB04-D250970EBA8F}"
EndProject
Project("{FAE04EC0-301F-11D3-BF4B-00C04F79EFBC}") = "Bulky.DataAccess", "Bulky.DataAccess\Bulky.DataAccess.csproj", "{C8E5773F-2319-4F85-9575-6A94A4063B8D}"
EndProject
Project("{FAE04EC0-301F-11D3-BF4B-00C04F79EFBC}") = "Bulky.Models", "Bulky.Models\Bulky.Models.csproj", "{EBA5E5C6-E191-494C-A3E3-AE8790A3AADA}"
EndProject
Project("{FAE04EC0-301F-11D3-BF4B-00C04F79EFBC}") = "Bulky.Utility", "Bulky.Utility\Bulky.Utility.csproj", "{DDE7B5BA-C111-44E1-9852-4A6889567641}"
EndProject
Project("{FAE04EC0-301F-11D3-BF4B-00C04F79EFBC}") = "BulkyWeb", "BulkyWeb\BulkyWeb.csproj", "{8EF010B2-1379-478A-81C8-41D5219C2D00}"
EndProject
Global
	GlobalSection(SolutionConfigurationPlatforms) = preSolution
		Debug|Any CPU = Debug|Any CPU
		Release|Any CPU = Release|Any CPU
	EndGlobalSection
	GlobalSection(ProjectConfigurationPlatforms) = postSolution
		{4DF2A072-9E53-458E-BB04-D250970EBA8F}.Debug|Any CPU.ActiveCfg = Debug|Any CPU
		{4DF2A072-9E53-458E-BB04-D250970EBA8F}.Debug|Any CPU.Build.0 = Debug|Any CPU
		{4DF2A072-9E53-458E-BB04-D250970EBA8F}.Release|Any CPU.ActiveCfg = Release|Any CPU
		{4DF2A072-9E53-458E-BB04-D250970EBA8F}.Release|Any CPU.Build.0 = Release|Any CPU
		{C8E5773F-2319-4F85-9575-6A94A4063B8D}.Debug|Any CPU.ActiveCfg = Debug|Any CPU
		{C8E5773F-2319-4F85-9575-6A94A4063B8D}.Debug|Any CPU.Build.0 = Debug|Any CPU
		{C8E5773F-2319-4F85-9575-6A94A4063B8D}.Release|Any CPU.ActiveCfg = Release|Any CPU
		{C8E5773F-2319-4F85-9575-6A94A4063B8D}.Release|Any CPU.Build.0 = Release|Any CPU
		{EBA5E5C6-E191-494C-A3E3-AE8790A3AADA}.Debug|Any CPU.ActiveCfg = Debug|Any CPU
		{EBA5E5C6-E191-494C-A3E3-AE8790A3AADA}.Debug|Any CPU.Build.0 = Debug|Any CPU
		{EBA5E5C6-E191-494C-A3E3-AE8790A3AADA}.Release|Any CPU.ActiveCfg = Release|Any CPU
		{EBA5E5C6-E191-494C-A3E3-AE8790A3AADA}.Release|Any CPU.Build.0 = Release|Any CPU
		{DDE7B5BA-C111-44E1-9852-4A6889567641}.Debug|Any CPU.ActiveCfg = Debug|Any CPU
		{DDE7B5BA-C111-44E1-9852-4A6889567641}.Debug|Any CPU.Build.0 = Debug|Any CPU
		{DDE7B5BA-C111-44E1-9852-4A6889567641}.Release|Any CPU.ActiveCfg = Release|Any CPU
		{DDE7B5BA-C111-44E1-9852-4A6889567641}.Release|Any CPU.Build.0 = Release|Any CPU
		{8EF010B2-1379-478A-81C8-41D5219C2D00}.Debug|Any CPU.ActiveCfg = Debug|Any CPU
		{8EF010B2-1379-478A-81C8-41D5219C2D00}.Debug|Any CPU.Build.0 = Debug|Any CPU
		{8EF010B2-1379-478A-81C8-41D5219C2D00}.Release|Any CPU.ActiveCfg = Release|Any CPU
		{8EF010B2-1379-478A-81C8-41D5219C2D00}.Release|Any CPU.Build.0 = Release|Any CPU
	EndGlobalSection
	GlobalSection(SolutionProperties) = preSolution
		HideSolutionNode = FALSE
	EndGlobalSection
	GlobalSection(ExtensibilityGlobals) = postSolution
		SolutionGuid = {4A7C49C6-DF42-47FA-B6A5-AFD11B51A6B6}
	EndGlobalSection
EndGlobal
